<Solution>
  <Folder Name="/examples/" />
  <Folder Name="/examples/ControllerStateDemo/">
    <Project Path="examples/ControllerStateDemo/AbbRobots.net.ControllerStateDemo.csproj" />
  </Folder>
  <Folder Name="/src/">
    <Project Path="src/AbbRobots.Net/AbbRobots.Net.csproj" />
  </Folder>
  <Folder Name="/tests/">
    <Project Path="tests/AbbRobots.Net.ConsoleTest/AbbRobots.Net.ConsoleTest.csproj" />
    <Project Path="tests/AbbRobots.Net.EioTest/AbbRobots.Net.EioTest.csproj" />
    <Project Path="tests/AbbRobots.Net.MasterShipTest/AbbRobots.Net.MasterShipTest.csproj" />
  </Folder>
</Solution>
