<Solution>
  <Folder Name="/examples/" />
  <Folder Name="/examples/ControllerStateDemo/">
    <Project Path="examples/ControllerStateDemo/AbbRobots.net.ControllerStateDemo.csproj" />
  </Folder>
  <Folder Name="/src/">
    <Project Path="src/AbbRobots.Net/AbbRobots.Net.csproj" />
  </Folder>
</Solution>
